
Microsoft Visual Studio Solution File, Format Version 12.00
# Visual Studio Version 17
VisualStudioVersion = 17.14.36603.0 d17.14
MinimumVisualStudioVersion = 10.0.40219.1
Project("{FAE04EC0-301F-11D3-BF4B-00C04F79EFBC}") = "RandomUserService.API", "RandomUserService.API\RandomUserService.API.csproj", "{323D4A81-ED73-0531-0F6E-3C4DC01CB0BB}"
EndProject
Project("{FAE04EC0-301F-11D3-BF4B-00C04F79EFBC}") = "RandomUserService.Domain", "RandomUserService.Domain\RandomUserService.Domain.csproj", "{D0D9863B-89ED-463F-BFF2-62B10258FBB0}"
EndProject
Project("{FAE04EC0-301F-11D3-BF4B-00C04F79EFBC}") = "RandomUserService.Application", "RandomUserService.Application\RandomUserService.Application.csproj", "{0CECE3DD-A03C-4BD3-945B-E891B5DE0500}"
EndProject
Project("{FAE04EC0-301F-11D3-BF4B-00C04F79EFBC}") = "RandomUserService.Infrastructure", "RandomUserService.Infrastructure\RandomUserService.Infrastructure.csproj", "{4A834100-DC09-4C6F-99A3-1AA0BF2D2AC8}"
EndProject
Project("{FAE04EC0-301F-11D3-BF4B-00C04F79EFBC}") = "RandomUserService.Tests", "RandomUserService.Tests\RandomUserService.Tests.csproj", "{42DC7161-A416-41D0-8E99-905FB45318F8}"
EndProject
Global
	GlobalSection(SolutionConfigurationPlatforms) = preSolution
		Debug|Any CPU = Debug|Any CPU
		Release|Any CPU = Release|Any CPU
	EndGlobalSection
	GlobalSection(ProjectConfigurationPlatforms) = postSolution
		{323D4A81-ED73-0531-0F6E-3C4DC01CB0BB}.Debug|Any CPU.ActiveCfg = Debug|Any CPU
		{323D4A81-ED73-0531-0F6E-3C4DC01CB0BB}.Debug|Any CPU.Build.0 = Debug|Any CPU
		{323D4A81-ED73-0531-0F6E-3C4DC01CB0BB}.Release|Any CPU.ActiveCfg = Release|Any CPU
		{323D4A81-ED73-0531-0F6E-3C4DC01CB0BB}.Release|Any CPU.Build.0 = Release|Any CPU
		{D0D9863B-89ED-463F-BFF2-62B10258FBB0}.Debug|Any CPU.ActiveCfg = Debug|Any CPU
		{D0D9863B-89ED-463F-BFF2-62B10258FBB0}.Debug|Any CPU.Build.0 = Debug|Any CPU
		{D0D9863B-89ED-463F-BFF2-62B10258FBB0}.Release|Any CPU.ActiveCfg = Release|Any CPU
		{D0D9863B-89ED-463F-BFF2-62B10258FBB0}.Release|Any CPU.Build.0 = Release|Any CPU
		{0CECE3DD-A03C-4BD3-945B-E891B5DE0500}.Debug|Any CPU.ActiveCfg = Debug|Any CPU
		{0CECE3DD-A03C-4BD3-945B-E891B5DE0500}.Debug|Any CPU.Build.0 = Debug|Any CPU
		{0CECE3DD-A03C-4BD3-945B-E891B5DE0500}.Release|Any CPU.ActiveCfg = Release|Any CPU
		{0CECE3DD-A03C-4BD3-945B-E891B5DE0500}.Release|Any CPU.Build.0 = Release|Any CPU
		{4A834100-DC09-4C6F-99A3-1AA0BF2D2AC8}.Debug|Any CPU.ActiveCfg = Debug|Any CPU
		{4A834100-DC09-4C6F-99A3-1AA0BF2D2AC8}.Debug|Any CPU.Build.0 = Debug|Any CPU
		{4A834100-DC09-4C6F-99A3-1AA0BF2D2AC8}.Release|Any CPU.ActiveCfg = Release|Any CPU
		{4A834100-DC09-4C6F-99A3-1AA0BF2D2AC8}.Release|Any CPU.Build.0 = Release|Any CPU
		{42DC7161-A416-41D0-8E99-905FB45318F8}.Debug|Any CPU.ActiveCfg = Debug|Any CPU
		{42DC7161-A416-41D0-8E99-905FB45318F8}.Debug|Any CPU.Build.0 = Debug|Any CPU
		{42DC7161-A416-41D0-8E99-905FB45318F8}.Release|Any CPU.ActiveCfg = Release|Any CPU
		{42DC7161-A416-41D0-8E99-905FB45318F8}.Release|Any CPU.Build.0 = Release|Any CPU
	EndGlobalSection
	GlobalSection(SolutionProperties) = preSolution
		HideSolutionNode = FALSE
	EndGlobalSection
	GlobalSection(ExtensibilityGlobals) = postSolution
		SolutionGuid = {EDBA9470-4EF8-48E9-827C-FD29FAC78257}
	EndGlobalSection
EndGlobal
